
Microsoft Visual Studio Solution File, Format Version 12.00
# Visual Studio Version 17
VisualStudioVersion = 17.7.34018.315
MinimumVisualStudioVersion = 10.0.40219.1
Project("{FAE04EC0-301F-11D3-BF4B-00C04F79EFBC}") = "ProvaRaulMartinsRodrigues", "ProvaRaulMartinsRodrigues\ProvaRaulMartinsRodrigues.csproj", "{C4056DB6-6C7D-48CB-9F61-548B74EB3288}"
EndProject
Global
	GlobalSection(SolutionConfigurationPlatforms) = preSolution
		Debug|Any CPU = Debug|Any CPU
		Release|Any CPU = Release|Any CPU
	EndGlobalSection
	GlobalSection(ProjectConfigurationPlatforms) = postSolution
		{C4056DB6-6C7D-48CB-9F61-548B74EB3288}.Debug|Any CPU.ActiveCfg = Debug|Any CPU
		{C4056DB6-6C7D-48CB-9F61-548B74EB3288}.Debug|Any CPU.Build.0 = Debug|Any CPU
		{C4056DB6-6C7D-48CB-9F61-548B74EB3288}.Release|Any CPU.ActiveCfg = Release|Any CPU
		{C4056DB6-6C7D-48CB-9F61-548B74EB3288}.Release|Any CPU.Build.0 = Release|Any CPU
	EndGlobalSection
	GlobalSection(SolutionProperties) = preSolution
		HideSolutionNode = FALSE
	EndGlobalSection
	GlobalSection(ExtensibilityGlobals) = postSolution
		SolutionGuid = {2EB623A1-0914-49F9-AFA9-7D4FEA5AB57D}
	EndGlobalSection
EndGlobal
